
Microsoft Visual Studio Solution File, Format Version 12.00
# Visual Studio Version 16
VisualStudioVersion = 16.0.31702.278
MinimumVisualStudioVersion = 10.0.40219.1
Project("{8BC9CEB8-8B4A-11D0-8D11-00A0C91BC942}") = "SDL2", "SDL2\SDL2.vcxproj", "{D7AB1E46-605D-4213-8CD9-E25ADD5DCABB}"
EndProject
Global
	GlobalSection(SolutionConfigurationPlatforms) = preSolution
		Debug|x64 = Debug|x64
		Debug|x86 = Debug|x86
		Release|x64 = Release|x64
		Release|x86 = Release|x86
	EndGlobalSection
	GlobalSection(ProjectConfigurationPlatforms) = postSolution
		{D7AB1E46-605D-4213-8CD9-E25ADD5DCABB}.Debug|x64.ActiveCfg = Debug|x64
		{D7AB1E46-605D-4213-8CD9-E25ADD5DCABB}.Debug|x64.Build.0 = Debug|x64
		{D7AB1E46-605D-4213-8CD9-E25ADD5DCABB}.Debug|x86.ActiveCfg = Debug|Win32
		{D7AB1E46-605D-4213-8CD9-E25ADD5DCABB}.Debug|x86.Build.0 = Debug|Win32
		{D7AB1E46-605D-4213-8CD9-E25ADD5DCABB}.Release|x64.ActiveCfg = Release|x64
		{D7AB1E46-605D-4213-8CD9-E25ADD5DCABB}.Release|x64.Build.0 = Release|x64
		{D7AB1E46-605D-4213-8CD9-E25ADD5DCABB}.Release|x86.ActiveCfg = Release|Win32
		{D7AB1E46-605D-4213-8CD9-E25ADD5DCABB}.Release|x86.Build.0 = Release|Win32
	EndGlobalSection
	GlobalSection(SolutionProperties) = preSolution
		HideSolutionNode = FALSE
	EndGlobalSection
	GlobalSection(ExtensibilityGlobals) = postSolution
		SolutionGuid = {BDBD6B2A-A6E2-4110-9B5C-494C0683D76B}
	EndGlobalSection
EndGlobal
